
Microsoft Visual Studio Solution File, Format Version 11.00
# Visual Studio 2010
Project("{FAE04EC0-301F-11D3-BF4B-00C04F79EFBC}") = "hardwareTool", "hardwareTool\hardwareTool.csproj", "{B94FAA7C-9F4B-4B60-8022-CAC67CC99E84}"
EndProject
Global
	GlobalSection(SolutionConfigurationPlatforms) = preSolution
		Debug|Any CPU = Debug|Any CPU
		Release|Any CPU = Release|Any CPU
	EndGlobalSection
	GlobalSection(ProjectConfigurationPlatforms) = postSolution
		{B94FAA7C-9F4B-4B60-8022-CAC67CC99E84}.Debug|Any CPU.ActiveCfg = Debug|Any CPU
		{B94FAA7C-9F4B-4B60-8022-CAC67CC99E84}.Debug|Any CPU.Build.0 = Debug|Any CPU
		{B94FAA7C-9F4B-4B60-8022-CAC67CC99E84}.Release|Any CPU.ActiveCfg = Release|Any CPU
		{B94FAA7C-9F4B-4B60-8022-CAC67CC99E84}.Release|Any CPU.Build.0 = Release|Any CPU
	EndGlobalSection
	GlobalSection(SolutionProperties) = preSolution
		HideSolutionNode = FALSE
	EndGlobalSection
EndGlobal
